// !$*UTF8*$!
{
	archiveVersion = 1;
	classes = {
	};
	objectVersion = 46;
	objects = {

/* Begin PBXBuildFile section */
		272508C81F7BAE9500A93BE3 /* ShowSBVC.swift in Sources */ = {isa = PBXBuildFile; fileRef = 272508C71F7BAE9500A93BE3 /* ShowSBVC.swift */; };
		2734E12B1F7C846500543F88 /* SharrePhotoCollectionViewCell.swift in Sources */ = {isa = PBXBuildFile; fileRef = 2734E12A1F7C846500543F88 /* SharrePhotoCollectionViewCell.swift */; };
		274A36851F700F2100FD5E3C /* UIViewWithBorder.swift in Sources */ = {isa = PBXBuildFile; fileRef = 274A36841F700F2100FD5E3C /* UIViewWithBorder.swift */; };
		274A36891F7024A000FD5E3C /* EditPasswordVC.swift in Sources */ = {isa = PBXBuildFile; fileRef = 274A36881F7024A000FD5E3C /* EditPasswordVC.swift */; };
		274A368B1F70318200FD5E3C /* HelpInfoVC.swift in Sources */ = {isa = PBXBuildFile; fileRef = 274A368A1F70318200FD5E3C /* HelpInfoVC.swift */; };
		2751E4EF1F6AE3A700E1B1E2 /* Assets.xcassets in Resources */ = {isa = PBXBuildFile; fileRef = 2751E4EE1F6AE3A700E1B1E2 /* Assets.xcassets */; };
		2751E4F11F6AE6D700E1B1E2 /* CategoryCollectionViewCell.swift in Sources */ = {isa = PBXBuildFile; fileRef = 2751E4F01F6AE6D700E1B1E2 /* CategoryCollectionViewCell.swift */; };
		275C05071F7BE7AF00E78E06 /* SharesInfoTableViewCell.swift in Sources */ = {isa = PBXBuildFile; fileRef = 275C05061F7BE7AF00E78E06 /* SharesInfoTableViewCell.swift */; };
		275C05091F7BE83800E78E06 /* ShowSharesInfoVC.swift in Sources */ = {isa = PBXBuildFile; fileRef = 275C05081F7BE83800E78E06 /* ShowSharesInfoVC.swift */; };
		275C050B1F7BF40B00E78E06 /* BusinessInfoCollectionViewCell.swift in Sources */ = {isa = PBXBuildFile; fileRef = 275C050A1F7BF40B00E78E06 /* BusinessInfoCollectionViewCell.swift */; };
		275C050E1F7C014C00E78E06 /* NewSharreVC.swift in Sources */ = {isa = PBXBuildFile; fileRef = 275C050D1F7C014C00E78E06 /* NewSharreVC.swift */; };
		275C05101F7C01BF00E78E06 /* ViewSharreVC.swift in Sources */ = {isa = PBXBuildFile; fileRef = 275C050F1F7C01BF00E78E06 /* ViewSharreVC.swift */; };
		275E00711F80C8E5005E6010 /* FormatDate.swift in Sources */ = {isa = PBXBuildFile; fileRef = 275E00701F80C8E5005E6010 /* FormatDate.swift */; };
		275FA0E61F7A5E9D008EF252 /* ImageDownloader.swift in Sources */ = {isa = PBXBuildFile; fileRef = 275FA0E51F7A5E9D008EF252 /* ImageDownloader.swift */; };
		2764A4BF1F6A73250014CCF3 /* Conversation.swift in Sources */ = {isa = PBXBuildFile; fileRef = 2764A4BE1F6A73250014CCF3 /* Conversation.swift */; };
		2764C47B1F725E2D00DB7199 /* Business.swift in Sources */ = {isa = PBXBuildFile; fileRef = 2764C47A1F725E2D00DB7199 /* Business.swift */; };
		2764C47D1F726FDD00DB7199 /* SharrorFormVC.swift in Sources */ = {isa = PBXBuildFile; fileRef = 2764C47C1F726FDD00DB7199 /* SharrorFormVC.swift */; };
		2764C4811F7271AB00DB7199 /* SharrorFormCollectionViewCell.swift in Sources */ = {isa = PBXBuildFile; fileRef = 2764C4801F7271AB00DB7199 /* SharrorFormCollectionViewCell.swift */; };
		2764C4831F72DE1400DB7199 /* ContactUsVC.swift in Sources */ = {isa = PBXBuildFile; fileRef = 2764C4821F72DE1400DB7199 /* ContactUsVC.swift */; };
		2764C4851F72E4B500DB7199 /* ContactBusinessVC.swift in Sources */ = {isa = PBXBuildFile; fileRef = 2764C4841F72E4B500DB7199 /* ContactBusinessVC.swift */; };
		2764C4871F72ECB700DB7199 /* Notification.swift in Sources */ = {isa = PBXBuildFile; fileRef = 2764C4861F72ECB700DB7199 /* Notification.swift */; };
		276D1B861F7B89A400A3EAF3 /* DescriptionTableViewCell.swift in Sources */ = {isa = PBXBuildFile; fileRef = 276D1B851F7B89A400A3EAF3 /* DescriptionTableViewCell.swift */; };
		276D1B8A1F7B8A0500A3EAF3 /* ReviewTableViewCell.swift in Sources */ = {isa = PBXBuildFile; fileRef = 276D1B891F7B8A0500A3EAF3 /* ReviewTableViewCell.swift */; };
		276D1B8C1F7B9E7000A3EAF3 /* BusinessSharesVC.swift in Sources */ = {isa = PBXBuildFile; fileRef = 276D1B8B1F7B9E6F00A3EAF3 /* BusinessSharesVC.swift */; };
		276D1B8E1F7BA11800A3EAF3 /* SharesInfoCollectionViewCell.swift in Sources */ = {isa = PBXBuildFile; fileRef = 276D1B8D1F7BA11700A3EAF3 /* SharesInfoCollectionViewCell.swift */; };
		276D1B901F7BA25700A3EAF3 /* Shares.swift in Sources */ = {isa = PBXBuildFile; fileRef = 276D1B8F1F7BA25700A3EAF3 /* Shares.swift */; };
		27702CD51F69531900A1C652 /* ProfileTableViewCell.swift in Sources */ = {isa = PBXBuildFile; fileRef = 27702CD41F69531900A1C652 /* ProfileTableViewCell.swift */; };
		27702CD91F69621900A1C652 /* Messages.storyboard in Resources */ = {isa = PBXBuildFile; fileRef = 27702CD81F69621900A1C652 /* Messages.storyboard */; };
		27702CDB1F6962F900A1C652 /* MessagesVC.swift in Sources */ = {isa = PBXBuildFile; fileRef = 27702CDA1F6962F900A1C652 /* MessagesVC.swift */; };
		2770E2BC1F8339B400199B61 /* EditSharreVC.swift in Sources */ = {isa = PBXBuildFile; fileRef = 2770E2BB1F8339B400199B61 /* EditSharreVC.swift */; };
		2777645E1F6A594A0023CDCA /* MessageTableViewCell.swift in Sources */ = {isa = PBXBuildFile; fileRef = 2777645D1F6A594A0023CDCA /* MessageTableViewCell.swift */; };
		277764601F6A5D2D0023CDCA /* ConversationVC.swift in Sources */ = {isa = PBXBuildFile; fileRef = 2777645F1F6A5D2D0023CDCA /* ConversationVC.swift */; };
		277DD7191F72238C005B7752 /* SharesInfoVC.swift in Sources */ = {isa = PBXBuildFile; fileRef = 277DD7181F72238C005B7752 /* SharesInfoVC.swift */; };
		277DD71B1F723F3F005B7752 /* SharritURL.swift in Sources */ = {isa = PBXBuildFile; fileRef = 277DD71A1F723F3F005B7752 /* SharritURL.swift */; };
		279497CA1F7DED8B00522999 /* SharreTimeUsageVC.swift in Sources */ = {isa = PBXBuildFile; fileRef = 279497C91F7DED8B00522999 /* SharreTimeUsageVC.swift */; };
		279497CC1F7E258F00522999 /* TimeCollectionViewCell.swift in Sources */ = {isa = PBXBuildFile; fileRef = 279497CB1F7E258F00522999 /* TimeCollectionViewCell.swift */; };
		27ABAE811F670D81007F6CDB /* LoginAndSignUp.storyboard in Resources */ = {isa = PBXBuildFile; fileRef = 27ABAE801F670D81007F6CDB /* LoginAndSignUp.storyboard */; };
		27B37F931F6EC2E200565AA8 /* EditProfileVC.swift in Sources */ = {isa = PBXBuildFile; fileRef = 27B37F921F6EC2E200565AA8 /* EditProfileVC.swift */; };
		27BFFC281F8275F6009FF404 /* ImageResize.swift in Sources */ = {isa = PBXBuildFile; fileRef = 27BFFC271F8275F6009FF404 /* ImageResize.swift */; };
		27C0B0401F6BDBC4009E69CA /* User.swift in Sources */ = {isa = PBXBuildFile; fileRef = 27C0B03F1F6BDBC4009E69CA /* User.swift */; };
		27C114841F717B5900CD9FB9 /* SharesCollectionVC.swift in Sources */ = {isa = PBXBuildFile; fileRef = 27C114831F717B5800CD9FB9 /* SharesCollectionVC.swift */; };
		27C114861F718C9100CD9FB9 /* TabCollectionViewCell.swift in Sources */ = {isa = PBXBuildFile; fileRef = 27C114851F718C9100CD9FB9 /* TabCollectionViewCell.swift */; };
		27C114881F718CCE00CD9FB9 /* SharesCollectionViewCell.swift in Sources */ = {isa = PBXBuildFile; fileRef = 27C114871F718CCE00CD9FB9 /* SharesCollectionViewCell.swift */; };
		27D0186C1F7407CA00D5B798 /* RegexCheck.swift in Sources */ = {isa = PBXBuildFile; fileRef = 27D0186B1F7407CA00D5B798 /* RegexCheck.swift */; };
		27DA994A1F7CCEC7006E415C /* WalletTopUpVC.swift in Sources */ = {isa = PBXBuildFile; fileRef = 27DA99491F7CCEC7006E415C /* WalletTopUpVC.swift */; };
		27DA994C1F7CE8F3006E415C /* TopUpTransactionVC.swift in Sources */ = {isa = PBXBuildFile; fileRef = 27DA994B1F7CE8F3006E415C /* TopUpTransactionVC.swift */; };
		27DA994E1F7CF6F0006E415C /* WalletTransactionViewController.swift in Sources */ = {isa = PBXBuildFile; fileRef = 27DA994D1F7CF6F0006E415C /* WalletTransactionViewController.swift */; };
		27DA99501F7CF794006E415C /* TransactionTableViewCell.swift in Sources */ = {isa = PBXBuildFile; fileRef = 27DA994F1F7CF794006E415C /* TransactionTableViewCell.swift */; };
		27DA99521F7D08BE006E415C /* TransactionVC.swift in Sources */ = {isa = PBXBuildFile; fileRef = 27DA99511F7D08BE006E415C /* TransactionVC.swift */; };
		27DA99541F7D175B006E415C /* SharresCreationVC.swift in Sources */ = {isa = PBXBuildFile; fileRef = 27DA99531F7D175B006E415C /* SharresCreationVC.swift */; };
		27DA99571F7D4894006E415C /* SharreBookingVC.swift in Sources */ = {isa = PBXBuildFile; fileRef = 27DA99561F7D4894006E415C /* SharreBookingVC.swift */; };
		27F256421F6AA1C6006B1697 /* ButtonCollectionViewCell.swift in Sources */ = {isa = PBXBuildFile; fileRef = 27F256411F6AA1C6006B1697 /* ButtonCollectionViewCell.swift */; };
		27F256441F6ACE8D006B1697 /* NotificationTableViewCell.swift in Sources */ = {isa = PBXBuildFile; fileRef = 27F256431F6ACE8D006B1697 /* NotificationTableViewCell.swift */; };
		27FCB7D41F677533008E973C /* Home.storyboard in Resources */ = {isa = PBXBuildFile; fileRef = 27FCB7D31F677533008E973C /* Home.storyboard */; };
		27FCB7D61F67753F008E973C /* HomeVC.swift in Sources */ = {isa = PBXBuildFile; fileRef = 27FCB7D51F67753F008E973C /* HomeVC.swift */; };
		27FCB7DB1F677680008E973C /* Profile.storyboard in Resources */ = {isa = PBXBuildFile; fileRef = 27FCB7DA1F677680008E973C /* Profile.storyboard */; };
		27FCB7DD1F67768C008E973C /* ProfileVC.swift in Sources */ = {isa = PBXBuildFile; fileRef = 27FCB7DC1F67768C008E973C /* ProfileVC.swift */; };
		27FCB7DF1F6776A5008E973C /* NotificationVC.swift in Sources */ = {isa = PBXBuildFile; fileRef = 27FCB7DE1F6776A5008E973C /* NotificationVC.swift */; };
		27FCB7E11F6776B6008E973C /* WalletVC.swift in Sources */ = {isa = PBXBuildFile; fileRef = 27FCB7E01F6776B6008E973C /* WalletVC.swift */; };
		27FCB7E31F6776C6008E973C /* Notification.storyboard in Resources */ = {isa = PBXBuildFile; fileRef = 27FCB7E21F6776C6008E973C /* Notification.storyboard */; };
		27FCB7E51F6776EC008E973C /* Wallet.storyboard in Resources */ = {isa = PBXBuildFile; fileRef = 27FCB7E41F6776EC008E973C /* Wallet.storyboard */; };
		27FCB7E71F677AB3008E973C /* LoginVC.swift in Sources */ = {isa = PBXBuildFile; fileRef = 27FCB7E61F677AB3008E973C /* LoginVC.swift */; };
		27FCB7EA1F678F89008E973C /* SharritButton.xib in Resources */ = {isa = PBXBuildFile; fileRef = 27FCB7E91F678F89008E973C /* SharritButton.xib */; };
		27FCB7EC1F678FD1008E973C /* Colours.swift in Sources */ = {isa = PBXBuildFile; fileRef = 27FCB7EB1F678FD1008E973C /* Colours.swift */; };
		27FCB7F01F679857008E973C /* SharritButton.swift in Sources */ = {isa = PBXBuildFile; fileRef = 27FCB7EF1F679857008E973C /* SharritButton.swift */; };
		27FCB7F21F67DB8F008E973C /* SignUpVC.swift in Sources */ = {isa = PBXBuildFile; fileRef = 27FCB7F11F67DB8F008E973C /* SignUpVC.swift */; };
		872D31621F6705520069381A /* AppDelegate.swift in Sources */ = {isa = PBXBuildFile; fileRef = 872D31611F6705520069381A /* AppDelegate.swift */; };
		872D31691F6705520069381A /* Main.storyboard in Resources */ = {isa = PBXBuildFile; fileRef = 872D31671F6705520069381A /* Main.storyboard */; };
		872D316E1F6705520069381A /* LaunchScreen.storyboard in Resources */ = {isa = PBXBuildFile; fileRef = 872D316C1F6705520069381A /* LaunchScreen.storyboard */; };
		C420852CFEA4E73904FF7746 /* Pods_sharrit_ios.framework in Frameworks */ = {isa = PBXBuildFile; fileRef = 0C9F59F22649F3203E5DA86B /* Pods_sharrit_ios.framework */; };
/* End PBXBuildFile section */

/* Begin PBXFileReference section */
		0C9F59F22649F3203E5DA86B /* Pods_sharrit_ios.framework */ = {isa = PBXFileReference; explicitFileType = wrapper.framework; includeInIndex = 0; path = Pods_sharrit_ios.framework; sourceTree = BUILT_PRODUCTS_DIR; };
		161ADFA0709DEF88BC30DC81 /* Pods-sharrit-ios.release.xcconfig */ = {isa = PBXFileReference; includeInIndex = 1; lastKnownFileType = text.xcconfig; name = "Pods-sharrit-ios.release.xcconfig"; path = "Pods/Target Support Files/Pods-sharrit-ios/Pods-sharrit-ios.release.xcconfig"; sourceTree = "<group>"; };
		272508C71F7BAE9500A93BE3 /* ShowSBVC.swift */ = {isa = PBXFileReference; lastKnownFileType = sourcecode.swift; path = ShowSBVC.swift; sourceTree = "<group>"; };
		2734E12A1F7C846500543F88 /* SharrePhotoCollectionViewCell.swift */ = {isa = PBXFileReference; lastKnownFileType = sourcecode.swift; path = SharrePhotoCollectionViewCell.swift; sourceTree = "<group>"; };
		274A36841F700F2100FD5E3C /* UIViewWithBorder.swift */ = {isa = PBXFileReference; fileEncoding = 4; lastKnownFileType = sourcecode.swift; path = UIViewWithBorder.swift; sourceTree = "<group>"; };
		274A36881F7024A000FD5E3C /* EditPasswordVC.swift */ = {isa = PBXFileReference; fileEncoding = 4; lastKnownFileType = sourcecode.swift; path = EditPasswordVC.swift; sourceTree = "<group>"; };
		274A368A1F70318200FD5E3C /* HelpInfoVC.swift */ = {isa = PBXFileReference; fileEncoding = 4; lastKnownFileType = sourcecode.swift; path = HelpInfoVC.swift; sourceTree = "<group>"; };
		2751E4EE1F6AE3A700E1B1E2 /* Assets.xcassets */ = {isa = PBXFileReference; lastKnownFileType = folder.assetcatalog; path = Assets.xcassets; sourceTree = "<group>"; };
		2751E4F01F6AE6D700E1B1E2 /* CategoryCollectionViewCell.swift */ = {isa = PBXFileReference; fileEncoding = 4; lastKnownFileType = sourcecode.swift; path = CategoryCollectionViewCell.swift; sourceTree = "<group>"; };
		275C05061F7BE7AF00E78E06 /* SharesInfoTableViewCell.swift */ = {isa = PBXFileReference; lastKnownFileType = sourcecode.swift; path = SharesInfoTableViewCell.swift; sourceTree = "<group>"; };
		275C05081F7BE83800E78E06 /* ShowSharesInfoVC.swift */ = {isa = PBXFileReference; lastKnownFileType = sourcecode.swift; path = ShowSharesInfoVC.swift; sourceTree = "<group>"; };
		275C050A1F7BF40B00E78E06 /* BusinessInfoCollectionViewCell.swift */ = {isa = PBXFileReference; lastKnownFileType = sourcecode.swift; path = BusinessInfoCollectionViewCell.swift; sourceTree = "<group>"; };
		275C050D1F7C014C00E78E06 /* NewSharreVC.swift */ = {isa = PBXFileReference; lastKnownFileType = sourcecode.swift; path = NewSharreVC.swift; sourceTree = "<group>"; };
		275C050F1F7C01BF00E78E06 /* ViewSharreVC.swift */ = {isa = PBXFileReference; lastKnownFileType = sourcecode.swift; path = ViewSharreVC.swift; sourceTree = "<group>"; };
		275E00701F80C8E5005E6010 /* FormatDate.swift */ = {isa = PBXFileReference; lastKnownFileType = sourcecode.swift; path = FormatDate.swift; sourceTree = "<group>"; };
		275FA0E51F7A5E9D008EF252 /* ImageDownloader.swift */ = {isa = PBXFileReference; lastKnownFileType = sourcecode.swift; path = ImageDownloader.swift; sourceTree = "<group>"; };
		2764A4BE1F6A73250014CCF3 /* Conversation.swift */ = {isa = PBXFileReference; fileEncoding = 4; lastKnownFileType = sourcecode.swift; path = Conversation.swift; sourceTree = "<group>"; };
		2764C47A1F725E2D00DB7199 /* Business.swift */ = {isa = PBXFileReference; fileEncoding = 4; lastKnownFileType = sourcecode.swift; path = Business.swift; sourceTree = "<group>"; };
		2764C47C1F726FDD00DB7199 /* SharrorFormVC.swift */ = {isa = PBXFileReference; fileEncoding = 4; lastKnownFileType = sourcecode.swift; path = SharrorFormVC.swift; sourceTree = "<group>"; };
		2764C4801F7271AB00DB7199 /* SharrorFormCollectionViewCell.swift */ = {isa = PBXFileReference; fileEncoding = 4; lastKnownFileType = sourcecode.swift; path = SharrorFormCollectionViewCell.swift; sourceTree = "<group>"; };
		2764C4821F72DE1400DB7199 /* ContactUsVC.swift */ = {isa = PBXFileReference; fileEncoding = 4; lastKnownFileType = sourcecode.swift; path = ContactUsVC.swift; sourceTree = "<group>"; };
		2764C4841F72E4B500DB7199 /* ContactBusinessVC.swift */ = {isa = PBXFileReference; fileEncoding = 4; lastKnownFileType = sourcecode.swift; path = ContactBusinessVC.swift; sourceTree = "<group>"; };
		2764C4861F72ECB700DB7199 /* Notification.swift */ = {isa = PBXFileReference; fileEncoding = 4; lastKnownFileType = sourcecode.swift; path = Notification.swift; sourceTree = "<group>"; };
		276D1B851F7B89A400A3EAF3 /* DescriptionTableViewCell.swift */ = {isa = PBXFileReference; lastKnownFileType = sourcecode.swift; path = DescriptionTableViewCell.swift; sourceTree = "<group>"; };
		276D1B891F7B8A0500A3EAF3 /* ReviewTableViewCell.swift */ = {isa = PBXFileReference; lastKnownFileType = sourcecode.swift; path = ReviewTableViewCell.swift; sourceTree = "<group>"; };
		276D1B8B1F7B9E6F00A3EAF3 /* BusinessSharesVC.swift */ = {isa = PBXFileReference; lastKnownFileType = sourcecode.swift; path = BusinessSharesVC.swift; sourceTree = "<group>"; };
		276D1B8D1F7BA11700A3EAF3 /* SharesInfoCollectionViewCell.swift */ = {isa = PBXFileReference; lastKnownFileType = sourcecode.swift; path = SharesInfoCollectionViewCell.swift; sourceTree = "<group>"; };
		276D1B8F1F7BA25700A3EAF3 /* Shares.swift */ = {isa = PBXFileReference; lastKnownFileType = sourcecode.swift; path = Shares.swift; sourceTree = "<group>"; };
		27702CD41F69531900A1C652 /* ProfileTableViewCell.swift */ = {isa = PBXFileReference; fileEncoding = 4; lastKnownFileType = sourcecode.swift; path = ProfileTableViewCell.swift; sourceTree = "<group>"; };
		27702CD81F69621900A1C652 /* Messages.storyboard */ = {isa = PBXFileReference; fileEncoding = 4; lastKnownFileType = file.storyboard; path = Messages.storyboard; sourceTree = "<group>"; };
		27702CDA1F6962F900A1C652 /* MessagesVC.swift */ = {isa = PBXFileReference; fileEncoding = 4; lastKnownFileType = sourcecode.swift; path = MessagesVC.swift; sourceTree = "<group>"; };
		2770E2BB1F8339B400199B61 /* EditSharreVC.swift */ = {isa = PBXFileReference; lastKnownFileType = sourcecode.swift; path = EditSharreVC.swift; sourceTree = "<group>"; };
		2777645D1F6A594A0023CDCA /* MessageTableViewCell.swift */ = {isa = PBXFileReference; fileEncoding = 4; lastKnownFileType = sourcecode.swift; path = MessageTableViewCell.swift; sourceTree = "<group>"; };
		2777645F1F6A5D2D0023CDCA /* ConversationVC.swift */ = {isa = PBXFileReference; fileEncoding = 4; lastKnownFileType = sourcecode.swift; path = ConversationVC.swift; sourceTree = "<group>"; };
		277DD7181F72238C005B7752 /* SharesInfoVC.swift */ = {isa = PBXFileReference; fileEncoding = 4; lastKnownFileType = sourcecode.swift; path = SharesInfoVC.swift; sourceTree = "<group>"; };
		277DD71A1F723F3F005B7752 /* SharritURL.swift */ = {isa = PBXFileReference; fileEncoding = 4; lastKnownFileType = sourcecode.swift; path = SharritURL.swift; sourceTree = "<group>"; };
		279497C91F7DED8B00522999 /* SharreTimeUsageVC.swift */ = {isa = PBXFileReference; lastKnownFileType = sourcecode.swift; path = SharreTimeUsageVC.swift; sourceTree = "<group>"; };
		279497CB1F7E258F00522999 /* TimeCollectionViewCell.swift */ = {isa = PBXFileReference; lastKnownFileType = sourcecode.swift; path = TimeCollectionViewCell.swift; sourceTree = "<group>"; };
		27ABAE801F670D81007F6CDB /* LoginAndSignUp.storyboard */ = {isa = PBXFileReference; fileEncoding = 4; lastKnownFileType = file.storyboard; path = LoginAndSignUp.storyboard; sourceTree = "<group>"; };
		27B37F921F6EC2E200565AA8 /* EditProfileVC.swift */ = {isa = PBXFileReference; fileEncoding = 4; lastKnownFileType = sourcecode.swift; path = EditProfileVC.swift; sourceTree = "<group>"; };
		27BFFC271F8275F6009FF404 /* ImageResize.swift */ = {isa = PBXFileReference; lastKnownFileType = sourcecode.swift; path = ImageResize.swift; sourceTree = "<group>"; };
		27C0B03F1F6BDBC4009E69CA /* User.swift */ = {isa = PBXFileReference; fileEncoding = 4; lastKnownFileType = sourcecode.swift; path = User.swift; sourceTree = "<group>"; };
		27C114831F717B5800CD9FB9 /* SharesCollectionVC.swift */ = {isa = PBXFileReference; fileEncoding = 4; lastKnownFileType = sourcecode.swift; path = SharesCollectionVC.swift; sourceTree = "<group>"; };
		27C114851F718C9100CD9FB9 /* TabCollectionViewCell.swift */ = {isa = PBXFileReference; fileEncoding = 4; lastKnownFileType = sourcecode.swift; path = TabCollectionViewCell.swift; sourceTree = "<group>"; };
		27C114871F718CCE00CD9FB9 /* SharesCollectionViewCell.swift */ = {isa = PBXFileReference; fileEncoding = 4; lastKnownFileType = sourcecode.swift; path = SharesCollectionViewCell.swift; sourceTree = "<group>"; };
		27D0186B1F7407CA00D5B798 /* RegexCheck.swift */ = {isa = PBXFileReference; fileEncoding = 4; lastKnownFileType = sourcecode.swift; path = RegexCheck.swift; sourceTree = "<group>"; };
		27DA99491F7CCEC7006E415C /* WalletTopUpVC.swift */ = {isa = PBXFileReference; lastKnownFileType = sourcecode.swift; path = WalletTopUpVC.swift; sourceTree = "<group>"; };
		27DA994B1F7CE8F3006E415C /* TopUpTransactionVC.swift */ = {isa = PBXFileReference; lastKnownFileType = sourcecode.swift; path = TopUpTransactionVC.swift; sourceTree = "<group>"; };
		27DA994D1F7CF6F0006E415C /* WalletTransactionViewController.swift */ = {isa = PBXFileReference; lastKnownFileType = sourcecode.swift; path = WalletTransactionViewController.swift; sourceTree = "<group>"; };
		27DA994F1F7CF794006E415C /* TransactionTableViewCell.swift */ = {isa = PBXFileReference; lastKnownFileType = sourcecode.swift; path = TransactionTableViewCell.swift; sourceTree = "<group>"; };
		27DA99511F7D08BE006E415C /* TransactionVC.swift */ = {isa = PBXFileReference; lastKnownFileType = sourcecode.swift; path = TransactionVC.swift; sourceTree = "<group>"; };
		27DA99531F7D175B006E415C /* SharresCreationVC.swift */ = {isa = PBXFileReference; lastKnownFileType = sourcecode.swift; path = SharresCreationVC.swift; sourceTree = "<group>"; };
		27DA99561F7D4894006E415C /* SharreBookingVC.swift */ = {isa = PBXFileReference; lastKnownFileType = sourcecode.swift; path = SharreBookingVC.swift; sourceTree = "<group>"; };
		27F256411F6AA1C6006B1697 /* ButtonCollectionViewCell.swift */ = {isa = PBXFileReference; fileEncoding = 4; lastKnownFileType = sourcecode.swift; path = ButtonCollectionViewCell.swift; sourceTree = "<group>"; };
		27F256431F6ACE8D006B1697 /* NotificationTableViewCell.swift */ = {isa = PBXFileReference; fileEncoding = 4; lastKnownFileType = sourcecode.swift; path = NotificationTableViewCell.swift; sourceTree = "<group>"; };
		27FCB7D31F677533008E973C /* Home.storyboard */ = {isa = PBXFileReference; fileEncoding = 4; lastKnownFileType = file.storyboard; path = Home.storyboard; sourceTree = "<group>"; };
		27FCB7D51F67753F008E973C /* HomeVC.swift */ = {isa = PBXFileReference; fileEncoding = 4; lastKnownFileType = sourcecode.swift; path = HomeVC.swift; sourceTree = "<group>"; };
		27FCB7DA1F677680008E973C /* Profile.storyboard */ = {isa = PBXFileReference; fileEncoding = 4; lastKnownFileType = file.storyboard; path = Profile.storyboard; sourceTree = "<group>"; };
		27FCB7DC1F67768C008E973C /* ProfileVC.swift */ = {isa = PBXFileReference; fileEncoding = 4; lastKnownFileType = sourcecode.swift; path = ProfileVC.swift; sourceTree = "<group>"; };
		27FCB7DE1F6776A5008E973C /* NotificationVC.swift */ = {isa = PBXFileReference; fileEncoding = 4; lastKnownFileType = sourcecode.swift; path = NotificationVC.swift; sourceTree = "<group>"; };
		27FCB7E01F6776B6008E973C /* WalletVC.swift */ = {isa = PBXFileReference; fileEncoding = 4; lastKnownFileType = sourcecode.swift; path = WalletVC.swift; sourceTree = "<group>"; };
		27FCB7E21F6776C6008E973C /* Notification.storyboard */ = {isa = PBXFileReference; fileEncoding = 4; lastKnownFileType = file.storyboard; path = Notification.storyboard; sourceTree = "<group>"; };
		27FCB7E41F6776EC008E973C /* Wallet.storyboard */ = {isa = PBXFileReference; fileEncoding = 4; lastKnownFileType = file.storyboard; path = Wallet.storyboard; sourceTree = "<group>"; };
		27FCB7E61F677AB3008E973C /* LoginVC.swift */ = {isa = PBXFileReference; fileEncoding = 4; lastKnownFileType = sourcecode.swift; path = LoginVC.swift; sourceTree = "<group>"; };
		27FCB7E91F678F89008E973C /* SharritButton.xib */ = {isa = PBXFileReference; fileEncoding = 4; lastKnownFileType = file.xib; path = SharritButton.xib; sourceTree = "<group>"; };
		27FCB7EB1F678FD1008E973C /* Colours.swift */ = {isa = PBXFileReference; fileEncoding = 4; lastKnownFileType = sourcecode.swift; path = Colours.swift; sourceTree = "<group>"; };
		27FCB7EF1F679857008E973C /* SharritButton.swift */ = {isa = PBXFileReference; fileEncoding = 4; lastKnownFileType = sourcecode.swift; path = SharritButton.swift; sourceTree = "<group>"; };
		27FCB7F11F67DB8F008E973C /* SignUpVC.swift */ = {isa = PBXFileReference; fileEncoding = 4; lastKnownFileType = sourcecode.swift; path = SignUpVC.swift; sourceTree = "<group>"; };
		6BD926E72B3A1549D6A772EC /* Pods-sharrit-ios.debug.xcconfig */ = {isa = PBXFileReference; includeInIndex = 1; lastKnownFileType = text.xcconfig; name = "Pods-sharrit-ios.debug.xcconfig"; path = "Pods/Target Support Files/Pods-sharrit-ios/Pods-sharrit-ios.debug.xcconfig"; sourceTree = "<group>"; };
		872D315E1F6705520069381A /* sharrit-ios.app */ = {isa = PBXFileReference; explicitFileType = wrapper.application; includeInIndex = 0; path = "sharrit-ios.app"; sourceTree = BUILT_PRODUCTS_DIR; };
		872D31611F6705520069381A /* AppDelegate.swift */ = {isa = PBXFileReference; lastKnownFileType = sourcecode.swift; path = AppDelegate.swift; sourceTree = "<group>"; };
		872D31681F6705520069381A /* Base */ = {isa = PBXFileReference; lastKnownFileType = file.storyboard; name = Base; path = Base.lproj/Main.storyboard; sourceTree = "<group>"; };
		872D316D1F6705520069381A /* Base */ = {isa = PBXFileReference; lastKnownFileType = file.storyboard; name = Base; path = Base.lproj/LaunchScreen.storyboard; sourceTree = "<group>"; };
		872D316F1F6705520069381A /* Info.plist */ = {isa = PBXFileReference; lastKnownFileType = text.plist.xml; path = Info.plist; sourceTree = "<group>"; };
/* End PBXFileReference section */

/* Begin PBXFrameworksBuildPhase section */
		872D315B1F6705520069381A /* Frameworks */ = {
			isa = PBXFrameworksBuildPhase;
			buildActionMask = 2147483647;
			files = (
				C420852CFEA4E73904FF7746 /* Pods_sharrit_ios.framework in Frameworks */,
			);
			runOnlyForDeploymentPostprocessing = 0;
		};
/* End PBXFrameworksBuildPhase section */

/* Begin PBXGroup section */
		15C6EB406F3EC14BA13EBAB8 /* Frameworks */ = {
			isa = PBXGroup;
			children = (
				0C9F59F22649F3203E5DA86B /* Pods_sharrit_ios.framework */,
			);
			name = Frameworks;
			sourceTree = "<group>";
		};
		273182D01F831A4100B5874A /* Entity */ = {
			isa = PBXGroup;
			children = (
				27C0B03F1F6BDBC4009E69CA /* User.swift */,
				2764C47A1F725E2D00DB7199 /* Business.swift */,
				276D1B8F1F7BA25700A3EAF3 /* Shares.swift */,
			);
			name = Entity;
			sourceTree = "<group>";
		};
		275C050C1F7C012C00E78E06 /* Sharre (New/Edit) */ = {
			isa = PBXGroup;
			children = (
				275C050D1F7C014C00E78E06 /* NewSharreVC.swift */,
				2734E12A1F7C846500543F88 /* SharrePhotoCollectionViewCell.swift */,
				27DA99531F7D175B006E415C /* SharresCreationVC.swift */,
				2770E2BB1F8339B400199B61 /* EditSharreVC.swift */,
			);
			name = "Sharre (New/Edit)";
			sourceTree = "<group>";
		};
		276D1B841F7B888300A3EAF3 /* Business Information */ = {
			isa = PBXGroup;
			children = (
				277DD7181F72238C005B7752 /* SharesInfoVC.swift */,
				276D1B851F7B89A400A3EAF3 /* DescriptionTableViewCell.swift */,
				276D1B891F7B8A0500A3EAF3 /* ReviewTableViewCell.swift */,
				276D1B8B1F7B9E6F00A3EAF3 /* BusinessSharesVC.swift */,
				276D1B8D1F7BA11700A3EAF3 /* SharesInfoCollectionViewCell.swift */,
				2764C4841F72E4B500DB7199 /* ContactBusinessVC.swift */,
			);
			name = "Business Information";
			sourceTree = "<group>";
		};
		27702CD71F69620800A1C652 /* Messages */ = {
			isa = PBXGroup;
			children = (
				27702CD81F69621900A1C652 /* Messages.storyboard */,
				27702CDA1F6962F900A1C652 /* MessagesVC.swift */,
				2777645D1F6A594A0023CDCA /* MessageTableViewCell.swift */,
				2777645F1F6A5D2D0023CDCA /* ConversationVC.swift */,
				2764A4BE1F6A73250014CCF3 /* Conversation.swift */,
			);
			name = Messages;
			sourceTree = "<group>";
		};
		27ABAE7F1F670D1F007F6CDB /* LoginAndSignUp */ = {
			isa = PBXGroup;
			children = (
				27ABAE801F670D81007F6CDB /* LoginAndSignUp.storyboard */,
				27FCB7E61F677AB3008E973C /* LoginVC.swift */,
				27FCB7F11F67DB8F008E973C /* SignUpVC.swift */,
			);
			name = LoginAndSignUp;
			sourceTree = "<group>";
		};
		27D018691F7407A800D5B798 /* Networking */ = {
			isa = PBXGroup;
			children = (
				277DD71A1F723F3F005B7752 /* SharritURL.swift */,
				275FA0E51F7A5E9D008EF252 /* ImageDownloader.swift */,
			);
			name = Networking;
			sourceTree = "<group>";
		};
		27D0186A1F7407B000D5B798 /* General */ = {
			isa = PBXGroup;
			children = (
				27D0186B1F7407CA00D5B798 /* RegexCheck.swift */,
				275E00701F80C8E5005E6010 /* FormatDate.swift */,
				27BFFC271F8275F6009FF404 /* ImageResize.swift */,
			);
			name = General;
			sourceTree = "<group>";
		};
		27DA99551F7D4874006E415C /* Book Sharre */ = {
			isa = PBXGroup;
			children = (
				27DA99561F7D4894006E415C /* SharreBookingVC.swift */,
				279497C91F7DED8B00522999 /* SharreTimeUsageVC.swift */,
			);
			name = "Book Sharre";
			sourceTree = "<group>";
		};
		27F6C72E1F7BAB7A00DDB27B /* Shares Information */ = {
			isa = PBXGroup;
			children = (
				275C050F1F7C01BF00E78E06 /* ViewSharreVC.swift */,
			);
			name = "Shares Information";
			sourceTree = "<group>";
		};
		27F6C72F1F7BABA200DDB27B /* Category (Home) */ = {
			isa = PBXGroup;
			children = (
				27FCB7D51F67753F008E973C /* HomeVC.swift */,
				2751E4F01F6AE6D700E1B1E2 /* CategoryCollectionViewCell.swift */,
			);
			name = "Category (Home)";
			sourceTree = "<group>";
		};
		27F6C7301F7BABC300DDB27B /* Business (Category) */ = {
			isa = PBXGroup;
			children = (
				27C114831F717B5800CD9FB9 /* SharesCollectionVC.swift */,
				27C114851F718C9100CD9FB9 /* TabCollectionViewCell.swift */,
				27C114871F718CCE00CD9FB9 /* SharesCollectionViewCell.swift */,
				279497CB1F7E258F00522999 /* TimeCollectionViewCell.swift */,
			);
			name = "Business (Category)";
			sourceTree = "<group>";
		};
		27F6C7311F7BABE700DDB27B /* Sharror Form */ = {
			isa = PBXGroup;
			children = (
				2764C47C1F726FDD00DB7199 /* SharrorFormVC.swift */,
				2764C4801F7271AB00DB7199 /* SharrorFormCollectionViewCell.swift */,
			);
			name = "Sharror Form";
			sourceTree = "<group>";
		};
		27FCB7D21F67750B008E973C /* Home */ = {
			isa = PBXGroup;
			children = (
				27FCB7D31F677533008E973C /* Home.storyboard */,
				27F6C72F1F7BABA200DDB27B /* Category (Home) */,
				27F6C7301F7BABC300DDB27B /* Business (Category) */,
				276D1B841F7B888300A3EAF3 /* Business Information */,
				275C050C1F7C012C00E78E06 /* Sharre (New/Edit) */,
				27F6C7311F7BABE700DDB27B /* Sharror Form */,
				27F6C72E1F7BAB7A00DDB27B /* Shares Information */,
				27DA99551F7D4874006E415C /* Book Sharre */,
			);
			name = Home;
			sourceTree = "<group>";
		};
		27FCB7D71F677662008E973C /* Wallet */ = {
			isa = PBXGroup;
			children = (
				27FCB7E41F6776EC008E973C /* Wallet.storyboard */,
				27FCB7E01F6776B6008E973C /* WalletVC.swift */,
				27F256411F6AA1C6006B1697 /* ButtonCollectionViewCell.swift */,
				27DA99491F7CCEC7006E415C /* WalletTopUpVC.swift */,
				27DA994B1F7CE8F3006E415C /* TopUpTransactionVC.swift */,
				27DA994D1F7CF6F0006E415C /* WalletTransactionViewController.swift */,
				27DA994F1F7CF794006E415C /* TransactionTableViewCell.swift */,
				27DA99511F7D08BE006E415C /* TransactionVC.swift */,
			);
			name = Wallet;
			sourceTree = "<group>";
		};
		27FCB7D81F677668008E973C /* Notification */ = {
			isa = PBXGroup;
			children = (
				27FCB7E21F6776C6008E973C /* Notification.storyboard */,
				27FCB7DE1F6776A5008E973C /* NotificationVC.swift */,
				27F256431F6ACE8D006B1697 /* NotificationTableViewCell.swift */,
				2764C4861F72ECB700DB7199 /* Notification.swift */,
			);
			name = Notification;
			sourceTree = "<group>";
		};
		27FCB7D91F67766E008E973C /* Profile */ = {
			isa = PBXGroup;
			children = (
				27FCB7DA1F677680008E973C /* Profile.storyboard */,
				27FCB7DC1F67768C008E973C /* ProfileVC.swift */,
				27702CD41F69531900A1C652 /* ProfileTableViewCell.swift */,
				27B37F921F6EC2E200565AA8 /* EditProfileVC.swift */,
				274A36881F7024A000FD5E3C /* EditPasswordVC.swift */,
				274A368A1F70318200FD5E3C /* HelpInfoVC.swift */,
				2764C4821F72DE1400DB7199 /* ContactUsVC.swift */,
				275C050A1F7BF40B00E78E06 /* BusinessInfoCollectionViewCell.swift */,
				272508C71F7BAE9500A93BE3 /* ShowSBVC.swift */,
				275C05061F7BE7AF00E78E06 /* SharesInfoTableViewCell.swift */,
				275C05081F7BE83800E78E06 /* ShowSharesInfoVC.swift */,
			);
			name = Profile;
			sourceTree = "<group>";
		};
		27FCB7E81F678F67008E973C /* UIComponent */ = {
			isa = PBXGroup;
			children = (
				27FCB7E91F678F89008E973C /* SharritButton.xib */,
				27FCB7EF1F679857008E973C /* SharritButton.swift */,
				27FCB7EB1F678FD1008E973C /* Colours.swift */,
				274A36841F700F2100FD5E3C /* UIViewWithBorder.swift */,
			);
			name = UIComponent;
			sourceTree = "<group>";
		};
		872D31551F6705520069381A = {
			isa = PBXGroup;
			children = (
				872D31601F6705520069381A /* sharrit-ios */,
				872D315F1F6705520069381A /* Products */,
				F37BF756A5D62D38A8957A3B /* Pods */,
				15C6EB406F3EC14BA13EBAB8 /* Frameworks */,
			);
			sourceTree = "<group>";
		};
		872D315F1F6705520069381A /* Products */ = {
			isa = PBXGroup;
			children = (
				872D315E1F6705520069381A /* sharrit-ios.app */,
			);
			name = Products;
			sourceTree = "<group>";
		};
		872D31601F6705520069381A /* sharrit-ios */ = {
			isa = PBXGroup;
			children = (
				27D0186A1F7407B000D5B798 /* General */,
				27D018691F7407A800D5B798 /* Networking */,
				273182D01F831A4100B5874A /* Entity */,
				27FCB7E81F678F67008E973C /* UIComponent */,
				27FCB7D91F67766E008E973C /* Profile */,
				27FCB7D81F677668008E973C /* Notification */,
				27FCB7D71F677662008E973C /* Wallet */,
				27FCB7D21F67750B008E973C /* Home */,
				27702CD71F69620800A1C652 /* Messages */,
				27ABAE7F1F670D1F007F6CDB /* LoginAndSignUp */,
				872D31611F6705520069381A /* AppDelegate.swift */,
				872D31671F6705520069381A /* Main.storyboard */,
				872D316C1F6705520069381A /* LaunchScreen.storyboard */,
				872D316F1F6705520069381A /* Info.plist */,
				2751E4EE1F6AE3A700E1B1E2 /* Assets.xcassets */,
			);
			path = "sharrit-ios";
			sourceTree = "<group>";
		};
		F37BF756A5D62D38A8957A3B /* Pods */ = {
			isa = PBXGroup;
			children = (
				6BD926E72B3A1549D6A772EC /* Pods-sharrit-ios.debug.xcconfig */,
				161ADFA0709DEF88BC30DC81 /* Pods-sharrit-ios.release.xcconfig */,
			);
			name = Pods;
			sourceTree = "<group>";
		};
/* End PBXGroup section */

/* Begin PBXNativeTarget section */
		872D315D1F6705520069381A /* sharrit-ios */ = {
			isa = PBXNativeTarget;
			buildConfigurationList = 872D31721F6705520069381A /* Build configuration list for PBXNativeTarget "sharrit-ios" */;
			buildPhases = (
				271E77CC88E9C9841C2EA5A6 /* [CP] Check Pods Manifest.lock */,
				872D315A1F6705520069381A /* Sources */,
				872D315B1F6705520069381A /* Frameworks */,
				872D315C1F6705520069381A /* Resources */,
				3A944C9F74259D21CD360307 /* [CP] Embed Pods Frameworks */,
				4279CEDBA985B3C63100041E /* [CP] Copy Pods Resources */,
			);
			buildRules = (
			);
			dependencies = (
			);
			name = "sharrit-ios";
			productName = "sharrit-ios";
			productReference = 872D315E1F6705520069381A /* sharrit-ios.app */;
			productType = "com.apple.product-type.application";
		};
/* End PBXNativeTarget section */

/* Begin PBXProject section */
		872D31561F6705520069381A /* Project object */ = {
			isa = PBXProject;
			attributes = {
				LastSwiftUpdateCheck = 0830;
				LastUpgradeCheck = 0900;
				ORGANIZATIONNAME = thepoppingone;
				TargetAttributes = {
					872D315D1F6705520069381A = {
						CreatedOnToolsVersion = 8.3.3;
						DevelopmentTeam = 6KV86JR89E;
						ProvisioningStyle = Automatic;
						SystemCapabilities = {
							com.apple.BackgroundModes = {
								enabled = 0;
							};
						};
					};
				};
			};
			buildConfigurationList = 872D31591F6705520069381A /* Build configuration list for PBXProject "sharrit-ios" */;
			compatibilityVersion = "Xcode 3.2";
			developmentRegion = English;
			hasScannedForEncodings = 0;
			knownRegions = (
				en,
				Base,
			);
			mainGroup = 872D31551F6705520069381A;
			productRefGroup = 872D315F1F6705520069381A /* Products */;
			projectDirPath = "";
			projectRoot = "";
			targets = (
				872D315D1F6705520069381A /* sharrit-ios */,
			);
		};
/* End PBXProject section */

/* Begin PBXResourcesBuildPhase section */
		872D315C1F6705520069381A /* Resources */ = {
			isa = PBXResourcesBuildPhase;
			buildActionMask = 2147483647;
			files = (
				27FCB7DB1F677680008E973C /* Profile.storyboard in Resources */,
				27FCB7E51F6776EC008E973C /* Wallet.storyboard in Resources */,
				872D316E1F6705520069381A /* LaunchScreen.storyboard in Resources */,
				27FCB7EA1F678F89008E973C /* SharritButton.xib in Resources */,
				2751E4EF1F6AE3A700E1B1E2 /* Assets.xcassets in Resources */,
				27FCB7D41F677533008E973C /* Home.storyboard in Resources */,
				27ABAE811F670D81007F6CDB /* LoginAndSignUp.storyboard in Resources */,
				872D31691F6705520069381A /* Main.storyboard in Resources */,
				27702CD91F69621900A1C652 /* Messages.storyboard in Resources */,
				27FCB7E31F6776C6008E973C /* Notification.storyboard in Resources */,
			);
			runOnlyForDeploymentPostprocessing = 0;
		};
/* End PBXResourcesBuildPhase section */

/* Begin PBXShellScriptBuildPhase section */
		271E77CC88E9C9841C2EA5A6 /* [CP] Check Pods Manifest.lock */ = {
			isa = PBXShellScriptBuildPhase;
			buildActionMask = 2147483647;
			files = (
			);
			inputPaths = (
				"${PODS_PODFILE_DIR_PATH}/Podfile.lock",
				"${PODS_ROOT}/Manifest.lock",
			);
			name = "[CP] Check Pods Manifest.lock";
			outputPaths = (
				"$(DERIVED_FILE_DIR)/Pods-sharrit-ios-checkManifestLockResult.txt",
			);
			runOnlyForDeploymentPostprocessing = 0;
			shellPath = /bin/sh;
			shellScript = "diff \"${PODS_PODFILE_DIR_PATH}/Podfile.lock\" \"${PODS_ROOT}/Manifest.lock\" > /dev/null\nif [ $? != 0 ] ; then\n    # print error to STDERR\n    echo \"error: The sandbox is not in sync with the Podfile.lock. Run 'pod install' or update your CocoaPods installation.\" >&2\n    exit 1\nfi\n# This output is used by Xcode 'outputs' to avoid re-running this script phase.\necho \"SUCCESS\" > \"${SCRIPT_OUTPUT_FILE_0}\"\n";
			showEnvVarsInLog = 0;
		};
		3A944C9F74259D21CD360307 /* [CP] Embed Pods Frameworks */ = {
			isa = PBXShellScriptBuildPhase;
			buildActionMask = 2147483647;
			files = (
			);
			inputPaths = (
				"${SRCROOT}/Pods/Target Support Files/Pods-sharrit-ios/Pods-sharrit-ios-frameworks.sh",
				"${BUILT_PRODUCTS_DIR}/Alamofire/Alamofire.framework",
				"${BUILT_PRODUCTS_DIR}/Cosmos/Cosmos.framework",
				"${BUILT_PRODUCTS_DIR}/CountryPickerSwift/CountryPicker.framework",
				"${BUILT_PRODUCTS_DIR}/FSCalendar/FSCalendar.framework",
				"${BUILT_PRODUCTS_DIR}/IQKeyboardManagerSwift/IQKeyboardManagerSwift.framework",
				"${BUILT_PRODUCTS_DIR}/ImageSlideshow/ImageSlideshow.framework",
				"${BUILT_PRODUCTS_DIR}/JSQMessagesViewController/JSQMessagesViewController.framework",
				"${BUILT_PRODUCTS_DIR}/JSQSystemSoundPlayer/JSQSystemSoundPlayer.framework",
				"${BUILT_PRODUCTS_DIR}/MFCard/MFCard.framework",
				"${BUILT_PRODUCTS_DIR}/SwiftyJSON/SwiftyJSON.framework",
			);
			name = "[CP] Embed Pods Frameworks";
			outputPaths = (
				"${TARGET_BUILD_DIR}/${FRAMEWORKS_FOLDER_PATH}/Alamofire.framework",
				"${TARGET_BUILD_DIR}/${FRAMEWORKS_FOLDER_PATH}/Cosmos.framework",
				"${TARGET_BUILD_DIR}/${FRAMEWORKS_FOLDER_PATH}/CountryPicker.framework",
				"${TARGET_BUILD_DIR}/${FRAMEWORKS_FOLDER_PATH}/FSCalendar.framework",
				"${TARGET_BUILD_DIR}/${FRAMEWORKS_FOLDER_PATH}/IQKeyboardManagerSwift.framework",
				"${TARGET_BUILD_DIR}/${FRAMEWORKS_FOLDER_PATH}/ImageSlideshow.framework",
				"${TARGET_BUILD_DIR}/${FRAMEWORKS_FOLDER_PATH}/JSQMessagesViewController.framework",
				"${TARGET_BUILD_DIR}/${FRAMEWORKS_FOLDER_PATH}/JSQSystemSoundPlayer.framework",
				"${TARGET_BUILD_DIR}/${FRAMEWORKS_FOLDER_PATH}/MFCard.framework",
				"${TARGET_BUILD_DIR}/${FRAMEWORKS_FOLDER_PATH}/SwiftyJSON.framework",
			);
			runOnlyForDeploymentPostprocessing = 0;
			shellPath = /bin/sh;
			shellScript = "\"${SRCROOT}/Pods/Target Support Files/Pods-sharrit-ios/Pods-sharrit-ios-frameworks.sh\"\n";
			showEnvVarsInLog = 0;
		};
		4279CEDBA985B3C63100041E /* [CP] Copy Pods Resources */ = {
			isa = PBXShellScriptBuildPhase;
			buildActionMask = 2147483647;
			files = (
			);
			inputPaths = (
				"${SRCROOT}/Pods/Target Support Files/Pods-sharrit-ios/Pods-sharrit-ios-resources.sh",
				$PODS_CONFIGURATION_BUILD_DIR/ImageSlideshow/ImageSlideshow.bundle,
			);
			name = "[CP] Copy Pods Resources";
			outputPaths = (
				"${TARGET_BUILD_DIR}/${UNLOCALIZED_RESOURCES_FOLDER_PATH}",
			);
			runOnlyForDeploymentPostprocessing = 0;
			shellPath = /bin/sh;
			shellScript = "\"${SRCROOT}/Pods/Target Support Files/Pods-sharrit-ios/Pods-sharrit-ios-resources.sh\"\n";
			showEnvVarsInLog = 0;
		};
/* End PBXShellScriptBuildPhase section */

/* Begin PBXSourcesBuildPhase section */
		872D315A1F6705520069381A /* Sources */ = {
			isa = PBXSourcesBuildPhase;
			buildActionMask = 2147483647;
			files = (
				27FCB7DD1F67768C008E973C /* ProfileVC.swift in Sources */,
				27DA99501F7CF794006E415C /* TransactionTableViewCell.swift in Sources */,
				2764C4831F72DE1400DB7199 /* ContactUsVC.swift in Sources */,
				27D0186C1F7407CA00D5B798 /* RegexCheck.swift in Sources */,
				2764C47B1F725E2D00DB7199 /* Business.swift in Sources */,
				2764C4851F72E4B500DB7199 /* ContactBusinessVC.swift in Sources */,
				276D1B901F7BA25700A3EAF3 /* Shares.swift in Sources */,
				275C050B1F7BF40B00E78E06 /* BusinessInfoCollectionViewCell.swift in Sources */,
				2770E2BC1F8339B400199B61 /* EditSharreVC.swift in Sources */,
				27FCB7F21F67DB8F008E973C /* SignUpVC.swift in Sources */,
				27DA99521F7D08BE006E415C /* TransactionVC.swift in Sources */,
				27FCB7EC1F678FD1008E973C /* Colours.swift in Sources */,
				274A36891F7024A000FD5E3C /* EditPasswordVC.swift in Sources */,
				27FCB7DF1F6776A5008E973C /* NotificationVC.swift in Sources */,
				275C050E1F7C014C00E78E06 /* NewSharreVC.swift in Sources */,
				2764C4871F72ECB700DB7199 /* Notification.swift in Sources */,
				27DA994A1F7CCEC7006E415C /* WalletTopUpVC.swift in Sources */,
				2764C4811F7271AB00DB7199 /* SharrorFormCollectionViewCell.swift in Sources */,
				27BFFC281F8275F6009FF404 /* ImageResize.swift in Sources */,
				27F256441F6ACE8D006B1697 /* NotificationTableViewCell.swift in Sources */,
				2734E12B1F7C846500543F88 /* SharrePhotoCollectionViewCell.swift in Sources */,
				27FCB7E11F6776B6008E973C /* WalletVC.swift in Sources */,
				27DA994E1F7CF6F0006E415C /* WalletTransactionViewController.swift in Sources */,
				2777645E1F6A594A0023CDCA /* MessageTableViewCell.swift in Sources */,
				275C05091F7BE83800E78E06 /* ShowSharesInfoVC.swift in Sources */,
				27C114841F717B5900CD9FB9 /* SharesCollectionVC.swift in Sources */,
				275E00711F80C8E5005E6010 /* FormatDate.swift in Sources */,
				277764601F6A5D2D0023CDCA /* ConversationVC.swift in Sources */,
				276D1B8A1F7B8A0500A3EAF3 /* ReviewTableViewCell.swift in Sources */,
				276D1B861F7B89A400A3EAF3 /* DescriptionTableViewCell.swift in Sources */,
				275FA0E61F7A5E9D008EF252 /* ImageDownloader.swift in Sources */,
				279497CA1F7DED8B00522999 /* SharreTimeUsageVC.swift in Sources */,
				274A36851F700F2100FD5E3C /* UIViewWithBorder.swift in Sources */,
				277DD71B1F723F3F005B7752 /* SharritURL.swift in Sources */,
				27DA994C1F7CE8F3006E415C /* TopUpTransactionVC.swift in Sources */,
				2751E4F11F6AE6D700E1B1E2 /* CategoryCollectionViewCell.swift in Sources */,
				872D31621F6705520069381A /* AppDelegate.swift in Sources */,
				27B37F931F6EC2E200565AA8 /* EditProfileVC.swift in Sources */,
				27702CDB1F6962F900A1C652 /* MessagesVC.swift in Sources */,
				27702CD51F69531900A1C652 /* ProfileTableViewCell.swift in Sources */,
				27DA99541F7D175B006E415C /* SharresCreationVC.swift in Sources */,
				27DA99571F7D4894006E415C /* SharreBookingVC.swift in Sources */,
				272508C81F7BAE9500A93BE3 /* ShowSBVC.swift in Sources */,
				276D1B8E1F7BA11800A3EAF3 /* SharesInfoCollectionViewCell.swift in Sources */,
				27FCB7E71F677AB3008E973C /* LoginVC.swift in Sources */,
				27FCB7D61F67753F008E973C /* HomeVC.swift in Sources */,
				27C0B0401F6BDBC4009E69CA /* User.swift in Sources */,
				27FCB7F01F679857008E973C /* SharritButton.swift in Sources */,
				275C05071F7BE7AF00E78E06 /* SharesInfoTableViewCell.swift in Sources */,
				27C114881F718CCE00CD9FB9 /* SharesCollectionViewCell.swift in Sources */,
				27C114861F718C9100CD9FB9 /* TabCollectionViewCell.swift in Sources */,
				27F256421F6AA1C6006B1697 /* ButtonCollectionViewCell.swift in Sources */,
				2764C47D1F726FDD00DB7199 /* SharrorFormVC.swift in Sources */,
				276D1B8C1F7B9E7000A3EAF3 /* BusinessSharesVC.swift in Sources */,
				2764A4BF1F6A73250014CCF3 /* Conversation.swift in Sources */,
				277DD7191F72238C005B7752 /* SharesInfoVC.swift in Sources */,
				279497CC1F7E258F00522999 /* TimeCollectionViewCell.swift in Sources */,
				275C05101F7C01BF00E78E06 /* ViewSharreVC.swift in Sources */,
				274A368B1F70318200FD5E3C /* HelpInfoVC.swift in Sources */,
			);
			runOnlyForDeploymentPostprocessing = 0;
		};
/* End PBXSourcesBuildPhase section */

/* Begin PBXVariantGroup section */
		872D31671F6705520069381A /* Main.storyboard */ = {
			isa = PBXVariantGroup;
			children = (
				872D31681F6705520069381A /* Base */,
			);
			name = Main.storyboard;
			sourceTree = "<group>";
		};
		872D316C1F6705520069381A /* LaunchScreen.storyboard */ = {
			isa = PBXVariantGroup;
			children = (
				872D316D1F6705520069381A /* Base */,
			);
			name = LaunchScreen.storyboard;
			sourceTree = "<group>";
		};
/* End PBXVariantGroup section */

/* Begin XCBuildConfiguration section */
		872D31701F6705520069381A /* Debug */ = {
			isa = XCBuildConfiguration;
			buildSettings = {
				ALWAYS_SEARCH_USER_PATHS = NO;
				CLANG_ANALYZER_NONNULL = YES;
				CLANG_ANALYZER_NUMBER_OBJECT_CONVERSION = YES_AGGRESSIVE;
				CLANG_CXX_LANGUAGE_STANDARD = "gnu++0x";
				CLANG_CXX_LIBRARY = "libc++";
				CLANG_ENABLE_MODULES = YES;
				CLANG_ENABLE_OBJC_ARC = YES;
				CLANG_WARN_BLOCK_CAPTURE_AUTORELEASING = YES;
				CLANG_WARN_BOOL_CONVERSION = YES;
				CLANG_WARN_COMMA = YES;
				CLANG_WARN_CONSTANT_CONVERSION = YES;
				CLANG_WARN_DIRECT_OBJC_ISA_USAGE = YES_ERROR;
				CLANG_WARN_DOCUMENTATION_COMMENTS = YES;
				CLANG_WARN_EMPTY_BODY = YES;
				CLANG_WARN_ENUM_CONVERSION = YES;
				CLANG_WARN_INFINITE_RECURSION = YES;
				CLANG_WARN_INT_CONVERSION = YES;
				CLANG_WARN_NON_LITERAL_NULL_CONVERSION = YES;
				CLANG_WARN_OBJC_LITERAL_CONVERSION = YES;
				CLANG_WARN_OBJC_ROOT_CLASS = YES_ERROR;
				CLANG_WARN_RANGE_LOOP_ANALYSIS = YES;
				CLANG_WARN_STRICT_PROTOTYPES = YES;
				CLANG_WARN_SUSPICIOUS_MOVE = YES;
				CLANG_WARN_UNREACHABLE_CODE = YES;
				CLANG_WARN__DUPLICATE_METHOD_MATCH = YES;
				"CODE_SIGN_IDENTITY[sdk=iphoneos*]" = "iPhone Developer";
				COPY_PHASE_STRIP = NO;
				DEBUG_INFORMATION_FORMAT = dwarf;
				ENABLE_STRICT_OBJC_MSGSEND = YES;
				ENABLE_TESTABILITY = YES;
				GCC_C_LANGUAGE_STANDARD = gnu99;
				GCC_DYNAMIC_NO_PIC = NO;
				GCC_NO_COMMON_BLOCKS = YES;
				GCC_OPTIMIZATION_LEVEL = 0;
				GCC_PREPROCESSOR_DEFINITIONS = (
					"DEBUG=1",
					"$(inherited)",
				);
				GCC_WARN_64_TO_32_BIT_CONVERSION = YES;
				GCC_WARN_ABOUT_RETURN_TYPE = YES_ERROR;
				GCC_WARN_UNDECLARED_SELECTOR = YES;
				GCC_WARN_UNINITIALIZED_AUTOS = YES_AGGRESSIVE;
				GCC_WARN_UNUSED_FUNCTION = YES;
				GCC_WARN_UNUSED_VARIABLE = YES;
				IPHONEOS_DEPLOYMENT_TARGET = 10.3;
				MTL_ENABLE_DEBUG_INFO = YES;
				ONLY_ACTIVE_ARCH = YES;
				SDKROOT = iphoneos;
				SWIFT_ACTIVE_COMPILATION_CONDITIONS = DEBUG;
				SWIFT_OPTIMIZATION_LEVEL = "-Onone";
			};
			name = Debug;
		};
		872D31711F6705520069381A /* Release */ = {
			isa = XCBuildConfiguration;
			buildSettings = {
				ALWAYS_SEARCH_USER_PATHS = NO;
				CLANG_ANALYZER_NONNULL = YES;
				CLANG_ANALYZER_NUMBER_OBJECT_CONVERSION = YES_AGGRESSIVE;
				CLANG_CXX_LANGUAGE_STANDARD = "gnu++0x";
				CLANG_CXX_LIBRARY = "libc++";
				CLANG_ENABLE_MODULES = YES;
				CLANG_ENABLE_OBJC_ARC = YES;
				CLANG_WARN_BLOCK_CAPTURE_AUTORELEASING = YES;
				CLANG_WARN_BOOL_CONVERSION = YES;
				CLANG_WARN_COMMA = YES;
				CLANG_WARN_CONSTANT_CONVERSION = YES;
				CLANG_WARN_DIRECT_OBJC_ISA_USAGE = YES_ERROR;
				CLANG_WARN_DOCUMENTATION_COMMENTS = YES;
				CLANG_WARN_EMPTY_BODY = YES;
				CLANG_WARN_ENUM_CONVERSION = YES;
				CLANG_WARN_INFINITE_RECURSION = YES;
				CLANG_WARN_INT_CONVERSION = YES;
				CLANG_WARN_NON_LITERAL_NULL_CONVERSION = YES;
				CLANG_WARN_OBJC_LITERAL_CONVERSION = YES;
				CLANG_WARN_OBJC_ROOT_CLASS = YES_ERROR;
				CLANG_WARN_RANGE_LOOP_ANALYSIS = YES;
				CLANG_WARN_STRICT_PROTOTYPES = YES;
				CLANG_WARN_SUSPICIOUS_MOVE = YES;
				CLANG_WARN_UNREACHABLE_CODE = YES;
				CLANG_WARN__DUPLICATE_METHOD_MATCH = YES;
				"CODE_SIGN_IDENTITY[sdk=iphoneos*]" = "iPhone Developer";
				COPY_PHASE_STRIP = NO;
				DEBUG_INFORMATION_FORMAT = "dwarf-with-dsym";
				ENABLE_NS_ASSERTIONS = NO;
				ENABLE_STRICT_OBJC_MSGSEND = YES;
				GCC_C_LANGUAGE_STANDARD = gnu99;
				GCC_NO_COMMON_BLOCKS = YES;
				GCC_WARN_64_TO_32_BIT_CONVERSION = YES;
				GCC_WARN_ABOUT_RETURN_TYPE = YES_ERROR;
				GCC_WARN_UNDECLARED_SELECTOR = YES;
				GCC_WARN_UNINITIALIZED_AUTOS = YES_AGGRESSIVE;
				GCC_WARN_UNUSED_FUNCTION = YES;
				GCC_WARN_UNUSED_VARIABLE = YES;
				IPHONEOS_DEPLOYMENT_TARGET = 10.3;
				MTL_ENABLE_DEBUG_INFO = NO;
				SDKROOT = iphoneos;
				SWIFT_OPTIMIZATION_LEVEL = "-Owholemodule";
				VALIDATE_PRODUCT = YES;
			};
			name = Release;
		};
		872D31731F6705520069381A /* Debug */ = {
			isa = XCBuildConfiguration;
			baseConfigurationReference = 6BD926E72B3A1549D6A772EC /* Pods-sharrit-ios.debug.xcconfig */;
			buildSettings = {
				ASSETCATALOG_COMPILER_APPICON_NAME = AppIcon;
				"CODE_SIGN_IDENTITY[sdk=iphoneos*]" = "iPhone Developer";
				CODE_SIGN_STYLE = Automatic;
				DEVELOPMENT_TEAM = 6KV86JR89E;
				INFOPLIST_FILE = "sharrit-ios/Info.plist";
				IPHONEOS_DEPLOYMENT_TARGET = 9.0;
				LD_RUNPATH_SEARCH_PATHS = "$(inherited) @executable_path/Frameworks";
				PRODUCT_BUNDLE_IDENTIFIER = "sharrit.sharrit-ios";
				PRODUCT_NAME = "$(TARGET_NAME)";
				PROVISIONING_PROFILE_SPECIFIER = "";
				SWIFT_VERSION = 3.0;
			};
			name = Debug;
		};
		872D31741F6705520069381A /* Release */ = {
			isa = XCBuildConfiguration;
			baseConfigurationReference = 161ADFA0709DEF88BC30DC81 /* Pods-sharrit-ios.release.xcconfig */;
			buildSettings = {
				ASSETCATALOG_COMPILER_APPICON_NAME = AppIcon;
				CODE_SIGN_IDENTITY = "iPhone Distribution";
				"CODE_SIGN_IDENTITY[sdk=iphoneos*]" = "iPhone Developer";
				CODE_SIGN_STYLE = Automatic;
				DEVELOPMENT_TEAM = 6KV86JR89E;
				INFOPLIST_FILE = "sharrit-ios/Info.plist";
				IPHONEOS_DEPLOYMENT_TARGET = 9.0;
				LD_RUNPATH_SEARCH_PATHS = "$(inherited) @executable_path/Frameworks";
				PRODUCT_BUNDLE_IDENTIFIER = "sharrit.sharrit-ios";
				PRODUCT_NAME = "$(TARGET_NAME)";
				PROVISIONING_PROFILE_SPECIFIER = "";
				SWIFT_VERSION = 3.0;
			};
			name = Release;
		};
/* End XCBuildConfiguration section */

/* Begin XCConfigurationList section */
		872D31591F6705520069381A /* Build configuration list for PBXProject "sharrit-ios" */ = {
			isa = XCConfigurationList;
			buildConfigurations = (
				872D31701F6705520069381A /* Debug */,
				872D31711F6705520069381A /* Release */,
			);
			defaultConfigurationIsVisible = 0;
			defaultConfigurationName = Release;
		};
		872D31721F6705520069381A /* Build configuration list for PBXNativeTarget "sharrit-ios" */ = {
			isa = XCConfigurationList;
			buildConfigurations = (
				872D31731F6705520069381A /* Debug */,
				872D31741F6705520069381A /* Release */,
			);
			defaultConfigurationIsVisible = 0;
			defaultConfigurationName = Release;
		};
/* End XCConfigurationList section */
	};
	rootObject = 872D31561F6705520069381A /* Project object */;
}
