// !$*UTF8*$!
{
	archiveVersion = 1;
	classes = {
	};
	objectVersion = 46;
	objects = {

/* Begin PBXBuildFile section */
		27ABAE811F670D81007F6CDB /* LoginAndSignUp.storyboard in Resources */ = {isa = PBXBuildFile; fileRef = 27ABAE801F670D81007F6CDB /* LoginAndSignUp.storyboard */; };
		27FCB7D41F677533008E973C /* Home.storyboard in Resources */ = {isa = PBXBuildFile; fileRef = 27FCB7D31F677533008E973C /* Home.storyboard */; };
		27FCB7D61F67753F008E973C /* HomeVC.swift in Sources */ = {isa = PBXBuildFile; fileRef = 27FCB7D51F67753F008E973C /* HomeVC.swift */; };
		27FCB7DB1F677680008E973C /* Profile.storyboard in Resources */ = {isa = PBXBuildFile; fileRef = 27FCB7DA1F677680008E973C /* Profile.storyboard */; };
		27FCB7DD1F67768C008E973C /* ProfileVC.swift in Sources */ = {isa = PBXBuildFile; fileRef = 27FCB7DC1F67768C008E973C /* ProfileVC.swift */; };
		27FCB7DF1F6776A5008E973C /* NotificationVC.swift in Sources */ = {isa = PBXBuildFile; fileRef = 27FCB7DE1F6776A5008E973C /* NotificationVC.swift */; };
		27FCB7E11F6776B6008E973C /* WalletVC.swift in Sources */ = {isa = PBXBuildFile; fileRef = 27FCB7E01F6776B6008E973C /* WalletVC.swift */; };
		27FCB7E31F6776C6008E973C /* Notification.storyboard in Resources */ = {isa = PBXBuildFile; fileRef = 27FCB7E21F6776C6008E973C /* Notification.storyboard */; };
		27FCB7E51F6776EC008E973C /* Wallet.storyboard in Resources */ = {isa = PBXBuildFile; fileRef = 27FCB7E41F6776EC008E973C /* Wallet.storyboard */; };
		27FCB7E71F677AB3008E973C /* LoginVC.swift in Sources */ = {isa = PBXBuildFile; fileRef = 27FCB7E61F677AB3008E973C /* LoginVC.swift */; };
		27FCB7EA1F678F89008E973C /* SharritButton.xib in Resources */ = {isa = PBXBuildFile; fileRef = 27FCB7E91F678F89008E973C /* SharritButton.xib */; };
		27FCB7EC1F678FD1008E973C /* Colours.swift in Sources */ = {isa = PBXBuildFile; fileRef = 27FCB7EB1F678FD1008E973C /* Colours.swift */; };
		27FCB7F01F679857008E973C /* SharritButton.swift in Sources */ = {isa = PBXBuildFile; fileRef = 27FCB7EF1F679857008E973C /* SharritButton.swift */; };
		27FCB7F21F67DB8F008E973C /* SignUpVC.swift in Sources */ = {isa = PBXBuildFile; fileRef = 27FCB7F11F67DB8F008E973C /* SignUpVC.swift */; };
		872D31621F6705520069381A /* AppDelegate.swift in Sources */ = {isa = PBXBuildFile; fileRef = 872D31611F6705520069381A /* AppDelegate.swift */; };
		872D31691F6705520069381A /* Main.storyboard in Resources */ = {isa = PBXBuildFile; fileRef = 872D31671F6705520069381A /* Main.storyboard */; };
		872D316B1F6705520069381A /* Assets.xcassets in Resources */ = {isa = PBXBuildFile; fileRef = 872D316A1F6705520069381A /* Assets.xcassets */; };
		872D316E1F6705520069381A /* LaunchScreen.storyboard in Resources */ = {isa = PBXBuildFile; fileRef = 872D316C1F6705520069381A /* LaunchScreen.storyboard */; };
		C420852CFEA4E73904FF7746 /* Pods_sharrit_ios.framework in Frameworks */ = {isa = PBXBuildFile; fileRef = 0C9F59F22649F3203E5DA86B /* Pods_sharrit_ios.framework */; };
/* End PBXBuildFile section */

/* Begin PBXFileReference section */
		0C9F59F22649F3203E5DA86B /* Pods_sharrit_ios.framework */ = {isa = PBXFileReference; explicitFileType = wrapper.framework; includeInIndex = 0; path = Pods_sharrit_ios.framework; sourceTree = BUILT_PRODUCTS_DIR; };
		161ADFA0709DEF88BC30DC81 /* Pods-sharrit-ios.release.xcconfig */ = {isa = PBXFileReference; includeInIndex = 1; lastKnownFileType = text.xcconfig; name = "Pods-sharrit-ios.release.xcconfig"; path = "Pods/Target Support Files/Pods-sharrit-ios/Pods-sharrit-ios.release.xcconfig"; sourceTree = "<group>"; };
		27ABAE801F670D81007F6CDB /* LoginAndSignUp.storyboard */ = {isa = PBXFileReference; fileEncoding = 4; lastKnownFileType = file.storyboard; path = LoginAndSignUp.storyboard; sourceTree = "<group>"; };
		27FCB7D31F677533008E973C /* Home.storyboard */ = {isa = PBXFileReference; fileEncoding = 4; lastKnownFileType = file.storyboard; path = Home.storyboard; sourceTree = "<group>"; };
		27FCB7D51F67753F008E973C /* HomeVC.swift */ = {isa = PBXFileReference; fileEncoding = 4; lastKnownFileType = sourcecode.swift; path = HomeVC.swift; sourceTree = "<group>"; };
		27FCB7DA1F677680008E973C /* Profile.storyboard */ = {isa = PBXFileReference; fileEncoding = 4; lastKnownFileType = file.storyboard; path = Profile.storyboard; sourceTree = "<group>"; };
		27FCB7DC1F67768C008E973C /* ProfileVC.swift */ = {isa = PBXFileReference; fileEncoding = 4; lastKnownFileType = sourcecode.swift; path = ProfileVC.swift; sourceTree = "<group>"; };
		27FCB7DE1F6776A5008E973C /* NotificationVC.swift */ = {isa = PBXFileReference; fileEncoding = 4; lastKnownFileType = sourcecode.swift; path = NotificationVC.swift; sourceTree = "<group>"; };
		27FCB7E01F6776B6008E973C /* WalletVC.swift */ = {isa = PBXFileReference; fileEncoding = 4; lastKnownFileType = sourcecode.swift; path = WalletVC.swift; sourceTree = "<group>"; };
		27FCB7E21F6776C6008E973C /* Notification.storyboard */ = {isa = PBXFileReference; fileEncoding = 4; lastKnownFileType = file.storyboard; path = Notification.storyboard; sourceTree = "<group>"; };
		27FCB7E41F6776EC008E973C /* Wallet.storyboard */ = {isa = PBXFileReference; fileEncoding = 4; lastKnownFileType = file.storyboard; path = Wallet.storyboard; sourceTree = "<group>"; };
		27FCB7E61F677AB3008E973C /* LoginVC.swift */ = {isa = PBXFileReference; fileEncoding = 4; lastKnownFileType = sourcecode.swift; path = LoginVC.swift; sourceTree = "<group>"; };
		27FCB7E91F678F89008E973C /* SharritButton.xib */ = {isa = PBXFileReference; fileEncoding = 4; lastKnownFileType = file.xib; path = SharritButton.xib; sourceTree = "<group>"; };
		27FCB7EB1F678FD1008E973C /* Colours.swift */ = {isa = PBXFileReference; fileEncoding = 4; lastKnownFileType = sourcecode.swift; path = Colours.swift; sourceTree = "<group>"; };
		27FCB7EF1F679857008E973C /* SharritButton.swift */ = {isa = PBXFileReference; fileEncoding = 4; lastKnownFileType = sourcecode.swift; path = SharritButton.swift; sourceTree = "<group>"; };
		27FCB7F11F67DB8F008E973C /* SignUpVC.swift */ = {isa = PBXFileReference; fileEncoding = 4; lastKnownFileType = sourcecode.swift; path = SignUpVC.swift; sourceTree = "<group>"; };
		6BD926E72B3A1549D6A772EC /* Pods-sharrit-ios.debug.xcconfig */ = {isa = PBXFileReference; includeInIndex = 1; lastKnownFileType = text.xcconfig; name = "Pods-sharrit-ios.debug.xcconfig"; path = "Pods/Target Support Files/Pods-sharrit-ios/Pods-sharrit-ios.debug.xcconfig"; sourceTree = "<group>"; };
		872D315E1F6705520069381A /* sharrit-ios.app */ = {isa = PBXFileReference; explicitFileType = wrapper.application; includeInIndex = 0; path = "sharrit-ios.app"; sourceTree = BUILT_PRODUCTS_DIR; };
		872D31611F6705520069381A /* AppDelegate.swift */ = {isa = PBXFileReference; lastKnownFileType = sourcecode.swift; path = AppDelegate.swift; sourceTree = "<group>"; };
		872D31681F6705520069381A /* Base */ = {isa = PBXFileReference; lastKnownFileType = file.storyboard; name = Base; path = Base.lproj/Main.storyboard; sourceTree = "<group>"; };
		872D316A1F6705520069381A /* Assets.xcassets */ = {isa = PBXFileReference; lastKnownFileType = folder.assetcatalog; path = Assets.xcassets; sourceTree = "<group>"; };
		872D316D1F6705520069381A /* Base */ = {isa = PBXFileReference; lastKnownFileType = file.storyboard; name = Base; path = Base.lproj/LaunchScreen.storyboard; sourceTree = "<group>"; };
		872D316F1F6705520069381A /* Info.plist */ = {isa = PBXFileReference; lastKnownFileType = text.plist.xml; path = Info.plist; sourceTree = "<group>"; };
/* End PBXFileReference section */

/* Begin PBXFrameworksBuildPhase section */
		872D315B1F6705520069381A /* Frameworks */ = {
			isa = PBXFrameworksBuildPhase;
			buildActionMask = 2147483647;
			files = (
				C420852CFEA4E73904FF7746 /* Pods_sharrit_ios.framework in Frameworks */,
			);
			runOnlyForDeploymentPostprocessing = 0;
		};
/* End PBXFrameworksBuildPhase section */

/* Begin PBXGroup section */
		15C6EB406F3EC14BA13EBAB8 /* Frameworks */ = {
			isa = PBXGroup;
			children = (
				0C9F59F22649F3203E5DA86B /* Pods_sharrit_ios.framework */,
			);
			name = Frameworks;
			sourceTree = "<group>";
		};
		27ABAE7F1F670D1F007F6CDB /* LoginAndSignUp */ = {
			isa = PBXGroup;
			children = (
				27ABAE801F670D81007F6CDB /* LoginAndSignUp.storyboard */,
				27FCB7E61F677AB3008E973C /* LoginVC.swift */,
				27FCB7F11F67DB8F008E973C /* SignUpVC.swift */,
			);
			name = LoginAndSignUp;
			sourceTree = "<group>";
		};
		27FCB7D21F67750B008E973C /* Home */ = {
			isa = PBXGroup;
			children = (
				27FCB7D31F677533008E973C /* Home.storyboard */,
				27FCB7D51F67753F008E973C /* HomeVC.swift */,
			);
			name = Home;
			sourceTree = "<group>";
		};
		27FCB7D71F677662008E973C /* Wallet */ = {
			isa = PBXGroup;
			children = (
				27FCB7E41F6776EC008E973C /* Wallet.storyboard */,
				27FCB7E01F6776B6008E973C /* WalletVC.swift */,
			);
			name = Wallet;
			sourceTree = "<group>";
		};
		27FCB7D81F677668008E973C /* Notification */ = {
			isa = PBXGroup;
			children = (
				27FCB7E21F6776C6008E973C /* Notification.storyboard */,
				27FCB7DE1F6776A5008E973C /* NotificationVC.swift */,
			);
			name = Notification;
			sourceTree = "<group>";
		};
		27FCB7D91F67766E008E973C /* Profile */ = {
			isa = PBXGroup;
			children = (
				27FCB7DA1F677680008E973C /* Profile.storyboard */,
				27FCB7DC1F67768C008E973C /* ProfileVC.swift */,
			);
			name = Profile;
			sourceTree = "<group>";
		};
		27FCB7E81F678F67008E973C /* UIComponent */ = {
			isa = PBXGroup;
			children = (
				27FCB7E91F678F89008E973C /* SharritButton.xib */,
				27FCB7EF1F679857008E973C /* SharritButton.swift */,
				27FCB7EB1F678FD1008E973C /* Colours.swift */,
			);
			name = UIComponent;
			sourceTree = "<group>";
		};
		872D31551F6705520069381A = {
			isa = PBXGroup;
			children = (
				872D31601F6705520069381A /* sharrit-ios */,
				872D315F1F6705520069381A /* Products */,
				F37BF756A5D62D38A8957A3B /* Pods */,
				15C6EB406F3EC14BA13EBAB8 /* Frameworks */,
			);
			sourceTree = "<group>";
		};
		872D315F1F6705520069381A /* Products */ = {
			isa = PBXGroup;
			children = (
				872D315E1F6705520069381A /* sharrit-ios.app */,
			);
			name = Products;
			sourceTree = "<group>";
		};
		872D31601F6705520069381A /* sharrit-ios */ = {
			isa = PBXGroup;
			children = (
				27FCB7E81F678F67008E973C /* UIComponent */,
				27FCB7D91F67766E008E973C /* Profile */,
				27FCB7D81F677668008E973C /* Notification */,
				27FCB7D71F677662008E973C /* Wallet */,
				27FCB7D21F67750B008E973C /* Home */,
				27ABAE7F1F670D1F007F6CDB /* LoginAndSignUp */,
				872D31611F6705520069381A /* AppDelegate.swift */,
				872D31671F6705520069381A /* Main.storyboard */,
				872D316A1F6705520069381A /* Assets.xcassets */,
				872D316C1F6705520069381A /* LaunchScreen.storyboard */,
				872D316F1F6705520069381A /* Info.plist */,
			);
			path = "sharrit-ios";
			sourceTree = "<group>";
		};
		F37BF756A5D62D38A8957A3B /* Pods */ = {
			isa = PBXGroup;
			children = (
				6BD926E72B3A1549D6A772EC /* Pods-sharrit-ios.debug.xcconfig */,
				161ADFA0709DEF88BC30DC81 /* Pods-sharrit-ios.release.xcconfig */,
			);
			name = Pods;
			sourceTree = "<group>";
		};
/* End PBXGroup section */

/* Begin PBXNativeTarget section */
		872D315D1F6705520069381A /* sharrit-ios */ = {
			isa = PBXNativeTarget;
			buildConfigurationList = 872D31721F6705520069381A /* Build configuration list for PBXNativeTarget "sharrit-ios" */;
			buildPhases = (
				271E77CC88E9C9841C2EA5A6 /* [CP] Check Pods Manifest.lock */,
				872D315A1F6705520069381A /* Sources */,
				872D315B1F6705520069381A /* Frameworks */,
				872D315C1F6705520069381A /* Resources */,
				3A944C9F74259D21CD360307 /* [CP] Embed Pods Frameworks */,
				4279CEDBA985B3C63100041E /* [CP] Copy Pods Resources */,
			);
			buildRules = (
			);
			dependencies = (
			);
			name = "sharrit-ios";
			productName = "sharrit-ios";
			productReference = 872D315E1F6705520069381A /* sharrit-ios.app */;
			productType = "com.apple.product-type.application";
		};
/* End PBXNativeTarget section */

/* Begin PBXProject section */
		872D31561F6705520069381A /* Project object */ = {
			isa = PBXProject;
			attributes = {
				LastSwiftUpdateCheck = 0830;
				LastUpgradeCheck = 0830;
				ORGANIZATIONNAME = thepoppingone;
				TargetAttributes = {
					872D315D1F6705520069381A = {
						CreatedOnToolsVersion = 8.3.3;
						DevelopmentTeam = 6KV86JR89E;
						ProvisioningStyle = Automatic;
					};
				};
			};
			buildConfigurationList = 872D31591F6705520069381A /* Build configuration list for PBXProject "sharrit-ios" */;
			compatibilityVersion = "Xcode 3.2";
			developmentRegion = English;
			hasScannedForEncodings = 0;
			knownRegions = (
				en,
				Base,
			);
			mainGroup = 872D31551F6705520069381A;
			productRefGroup = 872D315F1F6705520069381A /* Products */;
			projectDirPath = "";
			projectRoot = "";
			targets = (
				872D315D1F6705520069381A /* sharrit-ios */,
			);
		};
/* End PBXProject section */

/* Begin PBXResourcesBuildPhase section */
		872D315C1F6705520069381A /* Resources */ = {
			isa = PBXResourcesBuildPhase;
			buildActionMask = 2147483647;
			files = (
				27FCB7DB1F677680008E973C /* Profile.storyboard in Resources */,
				27FCB7E51F6776EC008E973C /* Wallet.storyboard in Resources */,
				872D316E1F6705520069381A /* LaunchScreen.storyboard in Resources */,
				27FCB7EA1F678F89008E973C /* SharritButton.xib in Resources */,
				27FCB7D41F677533008E973C /* Home.storyboard in Resources */,
				872D316B1F6705520069381A /* Assets.xcassets in Resources */,
				27ABAE811F670D81007F6CDB /* LoginAndSignUp.storyboard in Resources */,
				872D31691F6705520069381A /* Main.storyboard in Resources */,
				27FCB7E31F6776C6008E973C /* Notification.storyboard in Resources */,
			);
			runOnlyForDeploymentPostprocessing = 0;
		};
/* End PBXResourcesBuildPhase section */

/* Begin PBXShellScriptBuildPhase section */
		271E77CC88E9C9841C2EA5A6 /* [CP] Check Pods Manifest.lock */ = {
			isa = PBXShellScriptBuildPhase;
			buildActionMask = 2147483647;
			files = (
			);
			inputPaths = (
				"${PODS_PODFILE_DIR_PATH}/Podfile.lock",
				"${PODS_ROOT}/Manifest.lock",
			);
			name = "[CP] Check Pods Manifest.lock";
			outputPaths = (
				"$(DERIVED_FILE_DIR)/Pods-sharrit-ios-checkManifestLockResult.txt",
			);
			runOnlyForDeploymentPostprocessing = 0;
			shellPath = /bin/sh;
			shellScript = "diff \"${PODS_PODFILE_DIR_PATH}/Podfile.lock\" \"${PODS_ROOT}/Manifest.lock\" > /dev/null\nif [ $? != 0 ] ; then\n    # print error to STDERR\n    echo \"error: The sandbox is not in sync with the Podfile.lock. Run 'pod install' or update your CocoaPods installation.\" >&2\n    exit 1\nfi\n# This output is used by Xcode 'outputs' to avoid re-running this script phase.\necho \"SUCCESS\" > \"${SCRIPT_OUTPUT_FILE_0}\"\n";
			showEnvVarsInLog = 0;
		};
		3A944C9F74259D21CD360307 /* [CP] Embed Pods Frameworks */ = {
			isa = PBXShellScriptBuildPhase;
			buildActionMask = 2147483647;
			files = (
			);
			inputPaths = (
				"${SRCROOT}/Pods/Target Support Files/Pods-sharrit-ios/Pods-sharrit-ios-frameworks.sh",
				"${BUILT_PRODUCTS_DIR}/Alamofire/Alamofire.framework",
			);
			name = "[CP] Embed Pods Frameworks";
			outputPaths = (
				"${TARGET_BUILD_DIR}/${FRAMEWORKS_FOLDER_PATH}/Alamofire.framework",
			);
			runOnlyForDeploymentPostprocessing = 0;
			shellPath = /bin/sh;
			shellScript = "\"${SRCROOT}/Pods/Target Support Files/Pods-sharrit-ios/Pods-sharrit-ios-frameworks.sh\"\n";
			showEnvVarsInLog = 0;
		};
		4279CEDBA985B3C63100041E /* [CP] Copy Pods Resources */ = {
			isa = PBXShellScriptBuildPhase;
			buildActionMask = 2147483647;
			files = (
			);
			inputPaths = (
			);
			name = "[CP] Copy Pods Resources";
			outputPaths = (
			);
			runOnlyForDeploymentPostprocessing = 0;
			shellPath = /bin/sh;
			shellScript = "\"${SRCROOT}/Pods/Target Support Files/Pods-sharrit-ios/Pods-sharrit-ios-resources.sh\"\n";
			showEnvVarsInLog = 0;
		};
/* End PBXShellScriptBuildPhase section */

/* Begin PBXSourcesBuildPhase section */
		872D315A1F6705520069381A /* Sources */ = {
			isa = PBXSourcesBuildPhase;
			buildActionMask = 2147483647;
			files = (
				27FCB7DD1F67768C008E973C /* ProfileVC.swift in Sources */,
				27FCB7F21F67DB8F008E973C /* SignUpVC.swift in Sources */,
				27FCB7EC1F678FD1008E973C /* Colours.swift in Sources */,
				27FCB7DF1F6776A5008E973C /* NotificationVC.swift in Sources */,
				27FCB7E11F6776B6008E973C /* WalletVC.swift in Sources */,
				872D31621F6705520069381A /* AppDelegate.swift in Sources */,
				27FCB7E71F677AB3008E973C /* LoginVC.swift in Sources */,
				27FCB7D61F67753F008E973C /* HomeVC.swift in Sources */,
				27FCB7F01F679857008E973C /* SharritButton.swift in Sources */,
			);
			runOnlyForDeploymentPostprocessing = 0;
		};
/* End PBXSourcesBuildPhase section */

/* Begin PBXVariantGroup section */
		872D31671F6705520069381A /* Main.storyboard */ = {
			isa = PBXVariantGroup;
			children = (
				872D31681F6705520069381A /* Base */,
			);
			name = Main.storyboard;
			sourceTree = "<group>";
		};
		872D316C1F6705520069381A /* LaunchScreen.storyboard */ = {
			isa = PBXVariantGroup;
			children = (
				872D316D1F6705520069381A /* Base */,
			);
			name = LaunchScreen.storyboard;
			sourceTree = "<group>";
		};
/* End PBXVariantGroup section */

/* Begin XCBuildConfiguration section */
		872D31701F6705520069381A /* Debug */ = {
			isa = XCBuildConfiguration;
			buildSettings = {
				ALWAYS_SEARCH_USER_PATHS = NO;
				CLANG_ANALYZER_NONNULL = YES;
				CLANG_ANALYZER_NUMBER_OBJECT_CONVERSION = YES_AGGRESSIVE;
				CLANG_CXX_LANGUAGE_STANDARD = "gnu++0x";
				CLANG_CXX_LIBRARY = "libc++";
				CLANG_ENABLE_MODULES = YES;
				CLANG_ENABLE_OBJC_ARC = YES;
				CLANG_WARN_BOOL_CONVERSION = YES;
				CLANG_WARN_CONSTANT_CONVERSION = YES;
				CLANG_WARN_DIRECT_OBJC_ISA_USAGE = YES_ERROR;
				CLANG_WARN_DOCUMENTATION_COMMENTS = YES;
				CLANG_WARN_EMPTY_BODY = YES;
				CLANG_WARN_ENUM_CONVERSION = YES;
				CLANG_WARN_INFINITE_RECURSION = YES;
				CLANG_WARN_INT_CONVERSION = YES;
				CLANG_WARN_OBJC_ROOT_CLASS = YES_ERROR;
				CLANG_WARN_SUSPICIOUS_MOVE = YES;
				CLANG_WARN_UNREACHABLE_CODE = YES;
				CLANG_WARN__DUPLICATE_METHOD_MATCH = YES;
				"CODE_SIGN_IDENTITY[sdk=iphoneos*]" = "iPhone Developer";
				COPY_PHASE_STRIP = NO;
				DEBUG_INFORMATION_FORMAT = dwarf;
				ENABLE_STRICT_OBJC_MSGSEND = YES;
				ENABLE_TESTABILITY = YES;
				GCC_C_LANGUAGE_STANDARD = gnu99;
				GCC_DYNAMIC_NO_PIC = NO;
				GCC_NO_COMMON_BLOCKS = YES;
				GCC_OPTIMIZATION_LEVEL = 0;
				GCC_PREPROCESSOR_DEFINITIONS = (
					"DEBUG=1",
					"$(inherited)",
				);
				GCC_WARN_64_TO_32_BIT_CONVERSION = YES;
				GCC_WARN_ABOUT_RETURN_TYPE = YES_ERROR;
				GCC_WARN_UNDECLARED_SELECTOR = YES;
				GCC_WARN_UNINITIALIZED_AUTOS = YES_AGGRESSIVE;
				GCC_WARN_UNUSED_FUNCTION = YES;
				GCC_WARN_UNUSED_VARIABLE = YES;
				IPHONEOS_DEPLOYMENT_TARGET = 10.3;
				MTL_ENABLE_DEBUG_INFO = YES;
				ONLY_ACTIVE_ARCH = YES;
				SDKROOT = iphoneos;
				SWIFT_ACTIVE_COMPILATION_CONDITIONS = DEBUG;
				SWIFT_OPTIMIZATION_LEVEL = "-Onone";
			};
			name = Debug;
		};
		872D31711F6705520069381A /* Release */ = {
			isa = XCBuildConfiguration;
			buildSettings = {
				ALWAYS_SEARCH_USER_PATHS = NO;
				CLANG_ANALYZER_NONNULL = YES;
				CLANG_ANALYZER_NUMBER_OBJECT_CONVERSION = YES_AGGRESSIVE;
				CLANG_CXX_LANGUAGE_STANDARD = "gnu++0x";
				CLANG_CXX_LIBRARY = "libc++";
				CLANG_ENABLE_MODULES = YES;
				CLANG_ENABLE_OBJC_ARC = YES;
				CLANG_WARN_BOOL_CONVERSION = YES;
				CLANG_WARN_CONSTANT_CONVERSION = YES;
				CLANG_WARN_DIRECT_OBJC_ISA_USAGE = YES_ERROR;
				CLANG_WARN_DOCUMENTATION_COMMENTS = YES;
				CLANG_WARN_EMPTY_BODY = YES;
				CLANG_WARN_ENUM_CONVERSION = YES;
				CLANG_WARN_INFINITE_RECURSION = YES;
				CLANG_WARN_INT_CONVERSION = YES;
				CLANG_WARN_OBJC_ROOT_CLASS = YES_ERROR;
				CLANG_WARN_SUSPICIOUS_MOVE = YES;
				CLANG_WARN_UNREACHABLE_CODE = YES;
				CLANG_WARN__DUPLICATE_METHOD_MATCH = YES;
				"CODE_SIGN_IDENTITY[sdk=iphoneos*]" = "iPhone Developer";
				COPY_PHASE_STRIP = NO;
				DEBUG_INFORMATION_FORMAT = "dwarf-with-dsym";
				ENABLE_NS_ASSERTIONS = NO;
				ENABLE_STRICT_OBJC_MSGSEND = YES;
				GCC_C_LANGUAGE_STANDARD = gnu99;
				GCC_NO_COMMON_BLOCKS = YES;
				GCC_WARN_64_TO_32_BIT_CONVERSION = YES;
				GCC_WARN_ABOUT_RETURN_TYPE = YES_ERROR;
				GCC_WARN_UNDECLARED_SELECTOR = YES;
				GCC_WARN_UNINITIALIZED_AUTOS = YES_AGGRESSIVE;
				GCC_WARN_UNUSED_FUNCTION = YES;
				GCC_WARN_UNUSED_VARIABLE = YES;
				IPHONEOS_DEPLOYMENT_TARGET = 10.3;
				MTL_ENABLE_DEBUG_INFO = NO;
				SDKROOT = iphoneos;
				SWIFT_OPTIMIZATION_LEVEL = "-Owholemodule";
				VALIDATE_PRODUCT = YES;
			};
			name = Release;
		};
		872D31731F6705520069381A /* Debug */ = {
			isa = XCBuildConfiguration;
			baseConfigurationReference = 6BD926E72B3A1549D6A772EC /* Pods-sharrit-ios.debug.xcconfig */;
			buildSettings = {
				ASSETCATALOG_COMPILER_APPICON_NAME = AppIcon;
				"CODE_SIGN_IDENTITY[sdk=iphoneos*]" = "iPhone Developer";
				DEVELOPMENT_TEAM = 6KV86JR89E;
				INFOPLIST_FILE = "sharrit-ios/Info.plist";
				IPHONEOS_DEPLOYMENT_TARGET = 9.0;
				LD_RUNPATH_SEARCH_PATHS = "$(inherited) @executable_path/Frameworks";
				PRODUCT_BUNDLE_IDENTIFIER = "thepoppingone.sharrit-ios";
				PRODUCT_NAME = "$(TARGET_NAME)";
				PROVISIONING_PROFILE_SPECIFIER = "";
				SWIFT_VERSION = 3.0;
			};
			name = Debug;
		};
		872D31741F6705520069381A /* Release */ = {
			isa = XCBuildConfiguration;
			baseConfigurationReference = 161ADFA0709DEF88BC30DC81 /* Pods-sharrit-ios.release.xcconfig */;
			buildSettings = {
				ASSETCATALOG_COMPILER_APPICON_NAME = AppIcon;
				"CODE_SIGN_IDENTITY[sdk=iphoneos*]" = "iPhone Developer";
				DEVELOPMENT_TEAM = 6KV86JR89E;
				INFOPLIST_FILE = "sharrit-ios/Info.plist";
				IPHONEOS_DEPLOYMENT_TARGET = 9.0;
				LD_RUNPATH_SEARCH_PATHS = "$(inherited) @executable_path/Frameworks";
				PRODUCT_BUNDLE_IDENTIFIER = "thepoppingone.sharrit-ios";
				PRODUCT_NAME = "$(TARGET_NAME)";
				PROVISIONING_PROFILE_SPECIFIER = "";
				SWIFT_VERSION = 3.0;
			};
			name = Release;
		};
/* End XCBuildConfiguration section */

/* Begin XCConfigurationList section */
		872D31591F6705520069381A /* Build configuration list for PBXProject "sharrit-ios" */ = {
			isa = XCConfigurationList;
			buildConfigurations = (
				872D31701F6705520069381A /* Debug */,
				872D31711F6705520069381A /* Release */,
			);
			defaultConfigurationIsVisible = 0;
			defaultConfigurationName = Release;
		};
		872D31721F6705520069381A /* Build configuration list for PBXNativeTarget "sharrit-ios" */ = {
			isa = XCConfigurationList;
			buildConfigurations = (
				872D31731F6705520069381A /* Debug */,
				872D31741F6705520069381A /* Release */,
			);
			defaultConfigurationIsVisible = 0;
			defaultConfigurationName = Release;
		};
/* End XCConfigurationList section */
	};
	rootObject = 872D31561F6705520069381A /* Project object */;
}
